
Microsoft Visual Studio Solution File, Format Version 12.00
# Visual Studio Version 16
VisualStudioVersion = 16.0.810.11
MinimumVisualStudioVersion = 10.0.40219.1
Project("{FAE04EC0-301F-11D3-BF4B-00C04F79EFBC}") = "Deque", "Deque\Deque.csproj", "{8109C4F8-EE4D-439E-8371-C972BE36F8CF}"
EndProject
Project("{FAE04EC0-301F-11D3-BF4B-00C04F79EFBC}") = "DequeLibrary", "DequeLibrary\DequeLibrary.csproj", "{BC335D33-D73C-42FC-8E31-F5479B2340DE}"
EndProject
Project("{FAE04EC0-301F-11D3-BF4B-00C04F79EFBC}") = "Deque.Test", "Deque.Test\Deque.Test.csproj", "{4398F444-38E1-4F84-8EDF-CA4E139B26CD}"
EndProject
Global
	GlobalSection(SolutionConfigurationPlatforms) = preSolution
		Debug|Any CPU = Debug|Any CPU
		Release|Any CPU = Release|Any CPU
	EndGlobalSection
	GlobalSection(ProjectConfigurationPlatforms) = postSolution
		{8109C4F8-EE4D-439E-8371-C972BE36F8CF}.Debug|Any CPU.ActiveCfg = Debug|Any CPU
		{8109C4F8-EE4D-439E-8371-C972BE36F8CF}.Debug|Any CPU.Build.0 = Debug|Any CPU
		{8109C4F8-EE4D-439E-8371-C972BE36F8CF}.Release|Any CPU.ActiveCfg = Release|Any CPU
		{8109C4F8-EE4D-439E-8371-C972BE36F8CF}.Release|Any CPU.Build.0 = Release|Any CPU
		{BC335D33-D73C-42FC-8E31-F5479B2340DE}.Debug|Any CPU.ActiveCfg = Debug|Any CPU
		{BC335D33-D73C-42FC-8E31-F5479B2340DE}.Debug|Any CPU.Build.0 = Debug|Any CPU
		{BC335D33-D73C-42FC-8E31-F5479B2340DE}.Release|Any CPU.ActiveCfg = Release|Any CPU
		{BC335D33-D73C-42FC-8E31-F5479B2340DE}.Release|Any CPU.Build.0 = Release|Any CPU
		{4398F444-38E1-4F84-8EDF-CA4E139B26CD}.Debug|Any CPU.ActiveCfg = Debug|Any CPU
		{4398F444-38E1-4F84-8EDF-CA4E139B26CD}.Debug|Any CPU.Build.0 = Debug|Any CPU
		{4398F444-38E1-4F84-8EDF-CA4E139B26CD}.Release|Any CPU.ActiveCfg = Release|Any CPU
		{4398F444-38E1-4F84-8EDF-CA4E139B26CD}.Release|Any CPU.Build.0 = Release|Any CPU
	EndGlobalSection
	GlobalSection(SolutionProperties) = preSolution
		HideSolutionNode = FALSE
	EndGlobalSection
	GlobalSection(ExtensibilityGlobals) = postSolution
		SolutionGuid = {EA868365-F296-4B14-8BA5-DAD7303F92E4}
	EndGlobalSection
EndGlobal
